
Microsoft Visual Studio Solution File, Format Version 12.00
# Visual Studio Version 17
VisualStudioVersion = 17.13.35828.75 d17.13
MinimumVisualStudioVersion = 10.0.40219.1
Project("{8BC9CEB8-8B4A-11D0-8D11-00A0C91BC942}") = "探索DRIVER_OBJECT驱动对象", "探索DRIVER_OBJECT驱动对象.vcxproj", "{046E68F8-1ED7-C757-6F85-A91387C32905}"
EndProject
Global
	GlobalSection(SolutionConfigurationPlatforms) = preSolution
		Debug|ARM64 = Debug|ARM64
		Debug|x64 = Debug|x64
		Release|ARM64 = Release|ARM64
		Release|x64 = Release|x64
	EndGlobalSection
	GlobalSection(ProjectConfigurationPlatforms) = postSolution
		{046E68F8-1ED7-C757-6F85-A91387C32905}.Debug|ARM64.ActiveCfg = Debug|ARM64
		{046E68F8-1ED7-C757-6F85-A91387C32905}.Debug|ARM64.Build.0 = Debug|ARM64
		{046E68F8-1ED7-C757-6F85-A91387C32905}.Debug|ARM64.Deploy.0 = Debug|ARM64
		{046E68F8-1ED7-C757-6F85-A91387C32905}.Debug|x64.ActiveCfg = Debug|x64
		{046E68F8-1ED7-C757-6F85-A91387C32905}.Debug|x64.Build.0 = Debug|x64
		{046E68F8-1ED7-C757-6F85-A91387C32905}.Debug|x64.Deploy.0 = Debug|x64
		{046E68F8-1ED7-C757-6F85-A91387C32905}.Release|ARM64.ActiveCfg = Release|ARM64
		{046E68F8-1ED7-C757-6F85-A91387C32905}.Release|ARM64.Build.0 = Release|ARM64
		{046E68F8-1ED7-C757-6F85-A91387C32905}.Release|ARM64.Deploy.0 = Release|ARM64
		{046E68F8-1ED7-C757-6F85-A91387C32905}.Release|x64.ActiveCfg = Release|x64
		{046E68F8-1ED7-C757-6F85-A91387C32905}.Release|x64.Build.0 = Release|x64
		{046E68F8-1ED7-C757-6F85-A91387C32905}.Release|x64.Deploy.0 = Release|x64
	EndGlobalSection
	GlobalSection(SolutionProperties) = preSolution
		HideSolutionNode = FALSE
	EndGlobalSection
	GlobalSection(ExtensibilityGlobals) = postSolution
		SolutionGuid = {5CD4B85C-0233-4C3D-8C85-86F6F3431CAB}
	EndGlobalSection
EndGlobal
